
Microsoft Visual Studio Solution File, Format Version 12.00
# Visual Studio Version 17
VisualStudioVersion = 17.0.31903.59
MinimumVisualStudioVersion = 10.0.40219.1
Project("{2150E333-8FDC-42A3-9474-1A3956D46DE8}") = "src", "src", "{827E0CD3-B72D-47B6-A68D-7590B98EB39B}"
EndProject
Project("{2150E333-8FDC-42A3-9474-1A3956D46DE8}") = "app", "app", "{547E75E0-49BC-27F6-65D6-DF25CFFB661A}"
EndProject
Project("{FAE04EC0-301F-11D3-BF4B-00C04F79EFBC}") = "src.app", "src\app\src.app.csproj", "{BEEC93B2-63EB-4440-A904-43B021432D9B}"
EndProject
Project("{FAE04EC0-301F-11D3-BF4B-00C04F79EFBC}") = "src.lib", "src\lib\src.lib.csproj", "{30B3111A-3275-4508-8F88-3FA9E0C08554}"
EndProject
Global
	GlobalSection(SolutionConfigurationPlatforms) = preSolution
		Debug|Any CPU = Debug|Any CPU
		Debug|x64 = Debug|x64
		Debug|x86 = Debug|x86
		Release|Any CPU = Release|Any CPU
		Release|x64 = Release|x64
		Release|x86 = Release|x86
	EndGlobalSection
	GlobalSection(ProjectConfigurationPlatforms) = postSolution
		{BEEC93B2-63EB-4440-A904-43B021432D9B}.Debug|Any CPU.ActiveCfg = Debug|Any CPU
		{BEEC93B2-63EB-4440-A904-43B021432D9B}.Debug|Any CPU.Build.0 = Debug|Any CPU
		{BEEC93B2-63EB-4440-A904-43B021432D9B}.Debug|x64.ActiveCfg = Debug|Any CPU
		{BEEC93B2-63EB-4440-A904-43B021432D9B}.Debug|x64.Build.0 = Debug|Any CPU
		{BEEC93B2-63EB-4440-A904-43B021432D9B}.Debug|x86.ActiveCfg = Debug|Any CPU
		{BEEC93B2-63EB-4440-A904-43B021432D9B}.Debug|x86.Build.0 = Debug|Any CPU
		{BEEC93B2-63EB-4440-A904-43B021432D9B}.Release|Any CPU.ActiveCfg = Release|Any CPU
		{BEEC93B2-63EB-4440-A904-43B021432D9B}.Release|Any CPU.Build.0 = Release|Any CPU
		{BEEC93B2-63EB-4440-A904-43B021432D9B}.Release|x64.ActiveCfg = Release|Any CPU
		{BEEC93B2-63EB-4440-A904-43B021432D9B}.Release|x64.Build.0 = Release|Any CPU
		{BEEC93B2-63EB-4440-A904-43B021432D9B}.Release|x86.ActiveCfg = Release|Any CPU
		{BEEC93B2-63EB-4440-A904-43B021432D9B}.Release|x86.Build.0 = Release|Any CPU
		{30B3111A-3275-4508-8F88-3FA9E0C08554}.Debug|Any CPU.ActiveCfg = Debug|Any CPU
		{30B3111A-3275-4508-8F88-3FA9E0C08554}.Debug|Any CPU.Build.0 = Debug|Any CPU
		{30B3111A-3275-4508-8F88-3FA9E0C08554}.Debug|x64.ActiveCfg = Debug|Any CPU
		{30B3111A-3275-4508-8F88-3FA9E0C08554}.Debug|x64.Build.0 = Debug|Any CPU
		{30B3111A-3275-4508-8F88-3FA9E0C08554}.Debug|x86.ActiveCfg = Debug|Any CPU
		{30B3111A-3275-4508-8F88-3FA9E0C08554}.Debug|x86.Build.0 = Debug|Any CPU
		{30B3111A-3275-4508-8F88-3FA9E0C08554}.Release|Any CPU.ActiveCfg = Release|Any CPU
		{30B3111A-3275-4508-8F88-3FA9E0C08554}.Release|Any CPU.Build.0 = Release|Any CPU
		{30B3111A-3275-4508-8F88-3FA9E0C08554}.Release|x64.ActiveCfg = Release|Any CPU
		{30B3111A-3275-4508-8F88-3FA9E0C08554}.Release|x64.Build.0 = Release|Any CPU
		{30B3111A-3275-4508-8F88-3FA9E0C08554}.Release|x86.ActiveCfg = Release|Any CPU
		{30B3111A-3275-4508-8F88-3FA9E0C08554}.Release|x86.Build.0 = Release|Any CPU
	EndGlobalSection
	GlobalSection(SolutionProperties) = preSolution
		HideSolutionNode = FALSE
	EndGlobalSection
	GlobalSection(NestedProjects) = preSolution
		{547E75E0-49BC-27F6-65D6-DF25CFFB661A} = {827E0CD3-B72D-47B6-A68D-7590B98EB39B}
		{BEEC93B2-63EB-4440-A904-43B021432D9B} = {547E75E0-49BC-27F6-65D6-DF25CFFB661A}
		{30B3111A-3275-4508-8F88-3FA9E0C08554} = {827E0CD3-B72D-47B6-A68D-7590B98EB39B}
	EndGlobalSection
EndGlobal
